
Microsoft Visual Studio Solution File, Format Version 12.00
# Visual Studio Version 17
VisualStudioVersion = 17.13.35617.110
MinimumVisualStudioVersion = 10.0.40219.1
Project("{2150E333-8FDC-42A3-9474-1A3956D46DE8}") = "platforms", "platforms", "{02EA681E-C7D8-13C7-8484-4AC65E1B71E8}"
EndProject
Project("{2150E333-8FDC-42A3-9474-1A3956D46DE8}") = "backend", "backend", "{B7D1D1FA-5702-4DC5-820E-F44AC3DDB0CA}"
EndProject
Project("{2150E333-8FDC-42A3-9474-1A3956D46DE8}") = "frontend", "frontend", "{EBBE6DB0-471F-4105-8B28-336D745EC884}"
EndProject
Project("{2150E333-8FDC-42A3-9474-1A3956D46DE8}") = "solution", "solution", "{FF79CDA6-6227-4F43-8CFE-F8D9CFE4102F}"
	ProjectSection(SolutionItems) = preProject
		.editorconfig = .editorconfig
	EndProjectSection
EndProject
Project("{2150E333-8FDC-42A3-9474-1A3956D46DE8}") = "git", "git", "{32BEDE65-BB95-4386-A738-33406BB1D20F}"
	ProjectSection(SolutionItems) = preProject
		.gitignore = .gitignore
	EndProjectSection
EndProject
Project("{FAE04EC0-301F-11D3-BF4B-00C04F79EFBC}") = "kYaChat.Server", "kYaChat.Server\kYaChat.Server.csproj", "{818A9EA8-57A8-7735-2894-9D0286F23F39}"
EndProject
Project("{FAE04EC0-301F-11D3-BF4B-00C04F79EFBC}") = "kYaChat.Client", "kYaChat.Client\kYaChat.Client\kYaChat.Client.csproj", "{0D1F5E1A-BE85-032D-F3E2-C6CC46342157}"
EndProject
Project("{FAE04EC0-301F-11D3-BF4B-00C04F79EFBC}") = "kYaChat.Client.Browser", "kYaChat.Client\kYaChat.Client.Browser\kYaChat.Client.Browser.csproj", "{C6E980BA-C536-7548-44EF-E303153F7E55}"
EndProject
Project("{FAE04EC0-301F-11D3-BF4B-00C04F79EFBC}") = "kYaChat.Client.Desktop", "kYaChat.Client\kYaChat.Client.Desktop\kYaChat.Client.Desktop.csproj", "{B84FB2E4-4C92-3790-35FE-A501B0446363}"
EndProject
Project("{FAE04EC0-301F-11D3-BF4B-00C04F79EFBC}") = "kYaChat.Client.iOS", "kYaChat.Client\kYaChat.Client.iOS\kYaChat.Client.iOS.csproj", "{F93CA4E9-CB9E-85E0-18AE-6998D3C8D975}"
EndProject
Project("{FAE04EC0-301F-11D3-BF4B-00C04F79EFBC}") = "kYaChat.Client.Android", "kYaChat.Client\kYaChat.Client.Android\kYaChat.Client.Android.csproj", "{07B5151F-73A7-FB3F-ED62-3DCE60D12942}"
EndProject
Project("{FAE04EC0-301F-11D3-BF4B-00C04F79EFBC}") = "kYaChat.Shared", "kYaChat.Shared\kYaChat.Shared.csproj", "{DA17279B-4BEE-5FBD-A87C-0755737E678F}"
EndProject
Global
	GlobalSection(SolutionConfigurationPlatforms) = preSolution
		Debug|Any CPU = Debug|Any CPU
		Release|Any CPU = Release|Any CPU
	EndGlobalSection
	GlobalSection(ProjectConfigurationPlatforms) = postSolution
		{818A9EA8-57A8-7735-2894-9D0286F23F39}.Debug|Any CPU.ActiveCfg = Debug|Any CPU
		{818A9EA8-57A8-7735-2894-9D0286F23F39}.Debug|Any CPU.Build.0 = Debug|Any CPU
		{818A9EA8-57A8-7735-2894-9D0286F23F39}.Release|Any CPU.ActiveCfg = Release|Any CPU
		{818A9EA8-57A8-7735-2894-9D0286F23F39}.Release|Any CPU.Build.0 = Release|Any CPU
		{0D1F5E1A-BE85-032D-F3E2-C6CC46342157}.Debug|Any CPU.ActiveCfg = Debug|Any CPU
		{0D1F5E1A-BE85-032D-F3E2-C6CC46342157}.Debug|Any CPU.Build.0 = Debug|Any CPU
		{0D1F5E1A-BE85-032D-F3E2-C6CC46342157}.Release|Any CPU.ActiveCfg = Release|Any CPU
		{0D1F5E1A-BE85-032D-F3E2-C6CC46342157}.Release|Any CPU.Build.0 = Release|Any CPU
		{C6E980BA-C536-7548-44EF-E303153F7E55}.Debug|Any CPU.ActiveCfg = Debug|Any CPU
		{C6E980BA-C536-7548-44EF-E303153F7E55}.Debug|Any CPU.Build.0 = Debug|Any CPU
		{C6E980BA-C536-7548-44EF-E303153F7E55}.Release|Any CPU.ActiveCfg = Release|Any CPU
		{C6E980BA-C536-7548-44EF-E303153F7E55}.Release|Any CPU.Build.0 = Release|Any CPU
		{B84FB2E4-4C92-3790-35FE-A501B0446363}.Debug|Any CPU.ActiveCfg = Debug|Any CPU
		{B84FB2E4-4C92-3790-35FE-A501B0446363}.Debug|Any CPU.Build.0 = Debug|Any CPU
		{B84FB2E4-4C92-3790-35FE-A501B0446363}.Release|Any CPU.ActiveCfg = Release|Any CPU
		{B84FB2E4-4C92-3790-35FE-A501B0446363}.Release|Any CPU.Build.0 = Release|Any CPU
		{F93CA4E9-CB9E-85E0-18AE-6998D3C8D975}.Debug|Any CPU.ActiveCfg = Debug|Any CPU
		{F93CA4E9-CB9E-85E0-18AE-6998D3C8D975}.Debug|Any CPU.Build.0 = Debug|Any CPU
		{F93CA4E9-CB9E-85E0-18AE-6998D3C8D975}.Debug|Any CPU.Deploy.0 = Debug|Any CPU
		{F93CA4E9-CB9E-85E0-18AE-6998D3C8D975}.Release|Any CPU.ActiveCfg = Release|Any CPU
		{F93CA4E9-CB9E-85E0-18AE-6998D3C8D975}.Release|Any CPU.Build.0 = Release|Any CPU
		{F93CA4E9-CB9E-85E0-18AE-6998D3C8D975}.Release|Any CPU.Deploy.0 = Release|Any CPU
		{07B5151F-73A7-FB3F-ED62-3DCE60D12942}.Debug|Any CPU.ActiveCfg = Debug|Any CPU
		{07B5151F-73A7-FB3F-ED62-3DCE60D12942}.Debug|Any CPU.Build.0 = Debug|Any CPU
		{07B5151F-73A7-FB3F-ED62-3DCE60D12942}.Debug|Any CPU.Deploy.0 = Debug|Any CPU
		{07B5151F-73A7-FB3F-ED62-3DCE60D12942}.Release|Any CPU.ActiveCfg = Release|Any CPU
		{07B5151F-73A7-FB3F-ED62-3DCE60D12942}.Release|Any CPU.Build.0 = Release|Any CPU
		{07B5151F-73A7-FB3F-ED62-3DCE60D12942}.Release|Any CPU.Deploy.0 = Release|Any CPU
		{DA17279B-4BEE-5FBD-A87C-0755737E678F}.Debug|Any CPU.ActiveCfg = Debug|Any CPU
		{DA17279B-4BEE-5FBD-A87C-0755737E678F}.Debug|Any CPU.Build.0 = Debug|Any CPU
		{DA17279B-4BEE-5FBD-A87C-0755737E678F}.Release|Any CPU.ActiveCfg = Release|Any CPU
		{DA17279B-4BEE-5FBD-A87C-0755737E678F}.Release|Any CPU.Build.0 = Release|Any CPU
	EndGlobalSection
	GlobalSection(SolutionProperties) = preSolution
		HideSolutionNode = FALSE
	EndGlobalSection
	GlobalSection(NestedProjects) = preSolution
		{02EA681E-C7D8-13C7-8484-4AC65E1B71E8} = {EBBE6DB0-471F-4105-8B28-336D745EC884}
		{818A9EA8-57A8-7735-2894-9D0286F23F39} = {B7D1D1FA-5702-4DC5-820E-F44AC3DDB0CA}
		{0D1F5E1A-BE85-032D-F3E2-C6CC46342157} = {EBBE6DB0-471F-4105-8B28-336D745EC884}
		{C6E980BA-C536-7548-44EF-E303153F7E55} = {02EA681E-C7D8-13C7-8484-4AC65E1B71E8}
		{B84FB2E4-4C92-3790-35FE-A501B0446363} = {02EA681E-C7D8-13C7-8484-4AC65E1B71E8}
		{F93CA4E9-CB9E-85E0-18AE-6998D3C8D975} = {02EA681E-C7D8-13C7-8484-4AC65E1B71E8}
		{07B5151F-73A7-FB3F-ED62-3DCE60D12942} = {02EA681E-C7D8-13C7-8484-4AC65E1B71E8}
		{DA17279B-4BEE-5FBD-A87C-0755737E678F} = {B7D1D1FA-5702-4DC5-820E-F44AC3DDB0CA}
	EndGlobalSection
	GlobalSection(ExtensibilityGlobals) = postSolution
		SolutionGuid = {83264A55-9DEA-4E78-8830-BA9747590215}
	EndGlobalSection
EndGlobal
